
Microsoft Visual Studio Solution File, Format Version 12.00
# Visual Studio 2012
Project("{FAE04EC0-301F-11D3-BF4B-00C04F79EFBC}") = "limaki][framework", "limaki][framework.csproj", "{1573FE6B-0434-4692-8226-D515A616EE9B}"
EndProject
Global
	GlobalSection(SolutionConfigurationPlatforms) = preSolution
		Debug 4.0|Any CPU = Debug 4.0|Any CPU
		Debug|Any CPU = Debug|Any CPU
		Release|Any CPU = Release|Any CPU
	EndGlobalSection
	GlobalSection(ProjectConfigurationPlatforms) = postSolution
		{1573FE6B-0434-4692-8226-D515A616EE9B}.Debug 4.0|Any CPU.ActiveCfg = Debug 4.0|Any CPU
		{1573FE6B-0434-4692-8226-D515A616EE9B}.Debug 4.0|Any CPU.Build.0 = Debug 4.0|Any CPU
		{1573FE6B-0434-4692-8226-D515A616EE9B}.Debug|Any CPU.ActiveCfg = Debug|Any CPU
		{1573FE6B-0434-4692-8226-D515A616EE9B}.Debug|Any CPU.Build.0 = Debug|Any CPU
		{1573FE6B-0434-4692-8226-D515A616EE9B}.Release|Any CPU.ActiveCfg = Release|Any CPU
		{1573FE6B-0434-4692-8226-D515A616EE9B}.Release|Any CPU.Build.0 = Release|Any CPU
	EndGlobalSection
	GlobalSection(SolutionProperties) = preSolution
		HideSolutionNode = FALSE
	EndGlobalSection
EndGlobal
