
Microsoft Visual Studio Solution File, Format Version 12.00
# Visual Studio 2012
Project("{FAE04EC0-301F-11D3-BF4B-00C04F79EFBC}") = "Limaki.UnitsOfWork.Core", "Limaki.UnitsOfWork.Core\Limaki.UnitsOfWork.Core.csproj", "{998D2110-F685-46C0-A82F-050881B2B4C6}"
EndProject
Global
	GlobalSection(SolutionConfigurationPlatforms) = preSolution
		Debug 4.0|Any CPU = Debug 4.0|Any CPU
		Debug|Any CPU = Debug|Any CPU
		Release|Any CPU = Release|Any CPU
	EndGlobalSection
	GlobalSection(ProjectConfigurationPlatforms) = postSolution
		{998D2110-F685-46C0-A82F-050881B2B4C6}.Debug 4.0|Any CPU.ActiveCfg = Debug|Any CPU
		{998D2110-F685-46C0-A82F-050881B2B4C6}.Debug 4.0|Any CPU.Build.0 = Debug|Any CPU
		{998D2110-F685-46C0-A82F-050881B2B4C6}.Debug|Any CPU.ActiveCfg = Debug|Any CPU
		{998D2110-F685-46C0-A82F-050881B2B4C6}.Debug|Any CPU.Build.0 = Debug|Any CPU
		{998D2110-F685-46C0-A82F-050881B2B4C6}.Release|Any CPU.ActiveCfg = Release|Any CPU
		{998D2110-F685-46C0-A82F-050881B2B4C6}.Release|Any CPU.Build.0 = Release|Any CPU
	EndGlobalSection
	GlobalSection(SolutionProperties) = preSolution
		HideSolutionNode = FALSE
	EndGlobalSection
EndGlobal
